{
  "originHash" : "156bf718e373553ebce3d296e8556d6db1d5baad794a679ae6c9a96d3f81005a",
  "pins" : [
    {
      "identity" : "asn1decoder",
      "kind" : "remoteSourceControl",
      "location" : "https://github.com/filom/ASN1Decoder.git",
      "state" : {
        "revision" : "7e1523662c69d019a3299bbfb22fb824141dd1f6",
        "version" : "1.10.0"
      }
    },
    {
      "identity" : "bigint",
      "kind" : "remoteSourceControl",
      "location" : "https://github.com/attaswift/BigInt.git",
      "state" : {
        "revision" : "0ed110f7555c34ff468e72e1686e59721f2b0da6",
        "version" : "5.3.0"
      }
    },
    {
      "identity" : "cryptoswift",
      "kind" : "remoteSourceControl",
      "location" : "https://github.com/krzyzanowskim/CryptoSwift.git",
      "state" : {
        "revision" : "039f56c5d7960f277087a0be51f5eb04ed0ec073",
        "version" : "1.5.1"
      }
    },
    {
      "identity" : "gzipswift",
      "kind" : "remoteSourceControl",
      "location" : "https://github.com/1024jp/GzipSwift.git",
      "state" : {
        "revision" : "731037f6cc2be2ec01562f6597c1d0aa3fe6fd05",
        "version" : "6.0.1"
      }
    },
    {
      "identity" : "igidenticon",
      "kind" : "remoteSourceControl",
      "location" : "https://github.com/seaburg/IGIdenticon.git",
      "state" : {
        "revision" : "b4ad2b7e31924c5a18e018da795f3caf0b5309e2",
        "version" : "0.8.0"
      }
    },
    {
      "identity" : "joseswift",
      "kind" : "remoteSourceControl",
      "location" : "https://github.com/airsidemobile/JOSESwift",
      "state" : {
        "revision" : "10ed3b6736def7c26eb87135466b1cb46ea7e37f",
        "version" : "2.4.0"
      }
    },
    {
      "identity" : "jwtdecode.swift",
      "kind" : "remoteSourceControl",
      "location" : "https://github.com/auth0/JWTDecode.swift.git",
      "state" : {
        "revision" : "58af7278797871e460d79496621b3e5366b865b2",
        "version" : "3.1.0"
      }
    },
    {
      "identity" : "swift-asn1",
      "kind" : "remoteSourceControl",
      "location" : "https://github.com/apple/swift-asn1.git",
      "state" : {
        "revision" : "c7e239b5c1492ffc3ebd7fbcc7a92548ce4e78f0",
        "version" : "1.1.0"
      }
    },
    {
      "identity" : "swift-certificates",
      "kind" : "remoteSourceControl",
      "location" : "https://github.com/apple/swift-certificates.git",
      "state" : {
        "revision" : "bc566f88842b3b8001717326d935c2d113af5741",
        "version" : "1.2.0"
      }
    },
    {
      "identity" : "swift-crypto",
      "kind" : "remoteSourceControl",
      "location" : "https://github.com/apple/swift-crypto.git",
      "state" : {
        "revision" : "f0525da24dc3c6cbb2b6b338b65042bc91cbc4bb",
        "version" : "3.3.0"
      }
    },
    {
      "identity" : "swift-protobuf",
      "kind" : "remoteSourceControl",
      "location" : "https://github.com/apple/swift-protobuf.git",
      "state" : {
        "revision" : "65e8f29b2d63c4e38e736b25c27b83e012159be8",
        "version" : "1.25.2"
      }
    },
    {
      "identity" : "swiftyjson",
      "kind" : "remoteSourceControl",
      "location" : "https://github.com/SwiftyJSON/SwiftyJSON.git",
      "state" : {
        "revision" : "b3dcd7dbd0d488e1a7077cb33b00f2083e382f07",
        "version" : "5.0.1"
      }
    },
    {
      "identity" : "web3swift",
      "kind" : "remoteSourceControl",
      "location" : "https://github.com/skywinder/web3swift",
      "state" : {
        "revision" : "74c24f4d3d5f1816616e9ebd16741ca5f7a57eb0",
        "version" : "3.2.0"
      }
    },
    {
      "identity" : "zip",
      "kind" : "remoteSourceControl",
      "location" : "https://github.com/marmelroy/Zip",
      "state" : {
        "revision" : "67fa55813b9e7b3b9acee9c0ae501def28746d76",
        "version" : "2.1.2"
      }
    }
  ],
  "version" : 3
}
